
Microsoft Visual Studio Solution File, Format Version 12.00
# Visual Studio 2013
VisualStudioVersion = 12.0.21005.1
MinimumVisualStudioVersion = 10.0.40219.1
Project("{FAE04EC0-301F-11D3-BF4B-00C04F79EFBC}") = "test2", "test2\test2.csproj", "{2835FDBA-96BA-4D5C-850D-A909BB12F4E3}"
EndProject
Project("{FAE04EC0-301F-11D3-BF4B-00C04F79EFBC}") = "HRAPP.EF", "HRAPP.EF\HRAPP.EF.csproj", "{1743518C-D804-49DB-97D7-74E1D7C4F0D8}"
EndProject
Project("{FAE04EC0-301F-11D3-BF4B-00C04F79EFBC}") = "HRAPP.DTO", "HRAPP.DTO\HRAPP.DTO.csproj", "{D22F7A5F-6DBD-425F-B878-B758C6687C55}"
EndProject
Project("{FAE04EC0-301F-11D3-BF4B-00C04F79EFBC}") = "HRAPP.DAL", "HRAPP.DAL\HRAPP.DAL.csproj", "{D74DF16F-A860-4F1F-9DAB-B759ECDBB308}"
EndProject
Project("{FAE04EC0-301F-11D3-BF4B-00C04F79EFBC}") = "HRAPP.BL", "HRAPP.BL\HRAPP.BL.csproj", "{DB9CC26B-2B9E-4BAE-935A-4A531A15DA09}"
EndProject
Global
	GlobalSection(SolutionConfigurationPlatforms) = preSolution
		Debug|Any CPU = Debug|Any CPU
		Release|Any CPU = Release|Any CPU
	EndGlobalSection
	GlobalSection(ProjectConfigurationPlatforms) = postSolution
		{2835FDBA-96BA-4D5C-850D-A909BB12F4E3}.Debug|Any CPU.ActiveCfg = Debug|Any CPU
		{2835FDBA-96BA-4D5C-850D-A909BB12F4E3}.Debug|Any CPU.Build.0 = Debug|Any CPU
		{2835FDBA-96BA-4D5C-850D-A909BB12F4E3}.Release|Any CPU.ActiveCfg = Release|Any CPU
		{2835FDBA-96BA-4D5C-850D-A909BB12F4E3}.Release|Any CPU.Build.0 = Release|Any CPU
		{1743518C-D804-49DB-97D7-74E1D7C4F0D8}.Debug|Any CPU.ActiveCfg = Debug|Any CPU
		{1743518C-D804-49DB-97D7-74E1D7C4F0D8}.Debug|Any CPU.Build.0 = Debug|Any CPU
		{1743518C-D804-49DB-97D7-74E1D7C4F0D8}.Release|Any CPU.ActiveCfg = Release|Any CPU
		{1743518C-D804-49DB-97D7-74E1D7C4F0D8}.Release|Any CPU.Build.0 = Release|Any CPU
		{D22F7A5F-6DBD-425F-B878-B758C6687C55}.Debug|Any CPU.ActiveCfg = Debug|Any CPU
		{D22F7A5F-6DBD-425F-B878-B758C6687C55}.Debug|Any CPU.Build.0 = Debug|Any CPU
		{D22F7A5F-6DBD-425F-B878-B758C6687C55}.Release|Any CPU.ActiveCfg = Release|Any CPU
		{D22F7A5F-6DBD-425F-B878-B758C6687C55}.Release|Any CPU.Build.0 = Release|Any CPU
		{D74DF16F-A860-4F1F-9DAB-B759ECDBB308}.Debug|Any CPU.ActiveCfg = Debug|Any CPU
		{D74DF16F-A860-4F1F-9DAB-B759ECDBB308}.Debug|Any CPU.Build.0 = Debug|Any CPU
		{D74DF16F-A860-4F1F-9DAB-B759ECDBB308}.Release|Any CPU.ActiveCfg = Release|Any CPU
		{D74DF16F-A860-4F1F-9DAB-B759ECDBB308}.Release|Any CPU.Build.0 = Release|Any CPU
		{DB9CC26B-2B9E-4BAE-935A-4A531A15DA09}.Debug|Any CPU.ActiveCfg = Debug|Any CPU
		{DB9CC26B-2B9E-4BAE-935A-4A531A15DA09}.Debug|Any CPU.Build.0 = Debug|Any CPU
		{DB9CC26B-2B9E-4BAE-935A-4A531A15DA09}.Release|Any CPU.ActiveCfg = Release|Any CPU
		{DB9CC26B-2B9E-4BAE-935A-4A531A15DA09}.Release|Any CPU.Build.0 = Release|Any CPU
	EndGlobalSection
	GlobalSection(SolutionProperties) = preSolution
		HideSolutionNode = FALSE
	EndGlobalSection
EndGlobal
